// !$*UTF8*$!
{
	archiveVersion = 1;
	classes = {
	};
	objectVersion = 50;
	objects = {

/* Begin PBXBuildFile section */
		58547DBC2296BECE008D5075 /* Helper.swift in Sources */ = {isa = PBXBuildFile; fileRef = 58547DBB2296BECE008D5075 /* Helper.swift */; };
		58B3723D2295CC41003ACF27 /* AppDelegate.swift in Sources */ = {isa = PBXBuildFile; fileRef = 58B3723C2295CC41003ACF27 /* AppDelegate.swift */; };
		58B3723F2295CC41003ACF27 /* ViewController.swift in Sources */ = {isa = PBXBuildFile; fileRef = 58B3723E2295CC41003ACF27 /* ViewController.swift */; };
		58B372422295CC41003ACF27 /* Main.storyboard in Resources */ = {isa = PBXBuildFile; fileRef = 58B372402295CC41003ACF27 /* Main.storyboard */; };
		58B372442295CC43003ACF27 /* Assets.xcassets in Resources */ = {isa = PBXBuildFile; fileRef = 58B372432295CC43003ACF27 /* Assets.xcassets */; };
		58B372472295CC43003ACF27 /* LaunchScreen.storyboard in Resources */ = {isa = PBXBuildFile; fileRef = 58B372452295CC43003ACF27 /* LaunchScreen.storyboard */; };
		58B3724F2295F132003ACF27 /* NavigationButton.swift in Sources */ = {isa = PBXBuildFile; fileRef = 58B3724E2295F132003ACF27 /* NavigationButton.swift */; };
/* End PBXBuildFile section */

/* Begin PBXFileReference section */
		58547DBB2296BECE008D5075 /* Helper.swift */ = {isa = PBXFileReference; lastKnownFileType = sourcecode.swift; path = Helper.swift; sourceTree = "<group>"; };
		58B372392295CC41003ACF27 /* Lab - Animation.app */ = {isa = PBXFileReference; explicitFileType = wrapper.application; includeInIndex = 0; path = "Lab - Animation.app"; sourceTree = BUILT_PRODUCTS_DIR; };
		58B3723C2295CC41003ACF27 /* AppDelegate.swift */ = {isa = PBXFileReference; lastKnownFileType = sourcecode.swift; path = AppDelegate.swift; sourceTree = "<group>"; };
		58B3723E2295CC41003ACF27 /* ViewController.swift */ = {isa = PBXFileReference; lastKnownFileType = sourcecode.swift; path = ViewController.swift; sourceTree = "<group>"; };
		58B372412295CC41003ACF27 /* Base */ = {isa = PBXFileReference; lastKnownFileType = file.storyboard; name = Base; path = Base.lproj/Main.storyboard; sourceTree = "<group>"; };
		58B372432295CC43003ACF27 /* Assets.xcassets */ = {isa = PBXFileReference; lastKnownFileType = folder.assetcatalog; path = Assets.xcassets; sourceTree = "<group>"; };
		58B372462295CC43003ACF27 /* Base */ = {isa = PBXFileReference; lastKnownFileType = file.storyboard; name = Base; path = Base.lproj/LaunchScreen.storyboard; sourceTree = "<group>"; };
		58B372482295CC43003ACF27 /* Info.plist */ = {isa = PBXFileReference; lastKnownFileType = text.plist.xml; path = Info.plist; sourceTree = "<group>"; };
		58B3724E2295F132003ACF27 /* NavigationButton.swift */ = {isa = PBXFileReference; fileEncoding = 4; lastKnownFileType = sourcecode.swift; path = NavigationButton.swift; sourceTree = "<group>"; };
/* End PBXFileReference section */

/* Begin PBXFrameworksBuildPhase section */
		58B372362295CC41003ACF27 /* Frameworks */ = {
			isa = PBXFrameworksBuildPhase;
			buildActionMask = 2147483647;
			files = (
			);
			runOnlyForDeploymentPostprocessing = 0;
		};
/* End PBXFrameworksBuildPhase section */

/* Begin PBXGroup section */
		58B372302295CC41003ACF27 = {
			isa = PBXGroup;
			children = (
				58B3723B2295CC41003ACF27 /* Lab - Animation */,
				58B3723A2295CC41003ACF27 /* Products */,
			);
			sourceTree = "<group>";
		};
		58B3723A2295CC41003ACF27 /* Products */ = {
			isa = PBXGroup;
			children = (
				58B372392295CC41003ACF27 /* Lab - Animation.app */,
			);
			name = Products;
			sourceTree = "<group>";
		};
		58B3723B2295CC41003ACF27 /* Lab - Animation */ = {
			isa = PBXGroup;
			children = (
				58B3723C2295CC41003ACF27 /* AppDelegate.swift */,
				58B3723E2295CC41003ACF27 /* ViewController.swift */,
				58B3724E2295F132003ACF27 /* NavigationButton.swift */,
				58547DBB2296BECE008D5075 /* Helper.swift */,
				58B372402295CC41003ACF27 /* Main.storyboard */,
				58B372432295CC43003ACF27 /* Assets.xcassets */,
				58B372452295CC43003ACF27 /* LaunchScreen.storyboard */,
				58B372482295CC43003ACF27 /* Info.plist */,
			);
			path = "Lab - Animation";
			sourceTree = "<group>";
		};
/* End PBXGroup section */

/* Begin PBXNativeTarget section */
		58B372382295CC41003ACF27 /* Lab - Animation */ = {
			isa = PBXNativeTarget;
			buildConfigurationList = 58B3724B2295CC43003ACF27 /* Build configuration list for PBXNativeTarget "Lab - Animation" */;
			buildPhases = (
				58B372352295CC41003ACF27 /* Sources */,
				58B372362295CC41003ACF27 /* Frameworks */,
				58B372372295CC41003ACF27 /* Resources */,
			);
			buildRules = (
			);
			dependencies = (
			);
			name = "Lab - Animation";
			productName = "Lab - Animation";
			productReference = 58B372392295CC41003ACF27 /* Lab - Animation.app */;
			productType = "com.apple.product-type.application";
		};
/* End PBXNativeTarget section */

/* Begin PBXProject section */
		58B372312295CC41003ACF27 /* Project object */ = {
			isa = PBXProject;
			attributes = {
				LastSwiftUpdateCheck = 1020;
				LastUpgradeCheck = 1020;
				ORGANIZATIONNAME = "Arkadiy Grigoryanc";
				TargetAttributes = {
					58B372382295CC41003ACF27 = {
						CreatedOnToolsVersion = 10.2.1;
					};
				};
			};
			buildConfigurationList = 58B372342295CC41003ACF27 /* Build configuration list for PBXProject "Lab - Animation" */;
			compatibilityVersion = "Xcode 9.3";
			developmentRegion = en;
			hasScannedForEncodings = 0;
			knownRegions = (
				en,
				Base,
			);
			mainGroup = 58B372302295CC41003ACF27;
			productRefGroup = 58B3723A2295CC41003ACF27 /* Products */;
			projectDirPath = "";
			projectRoot = "";
			targets = (
				58B372382295CC41003ACF27 /* Lab - Animation */,
			);
		};
/* End PBXProject section */

/* Begin PBXResourcesBuildPhase section */
		58B372372295CC41003ACF27 /* Resources */ = {
			isa = PBXResourcesBuildPhase;
			buildActionMask = 2147483647;
			files = (
				58B372472295CC43003ACF27 /* LaunchScreen.storyboard in Resources */,
				58B372442295CC43003ACF27 /* Assets.xcassets in Resources */,
				58B372422295CC41003ACF27 /* Main.storyboard in Resources */,
			);
			runOnlyForDeploymentPostprocessing = 0;
		};
/* End PBXResourcesBuildPhase section */

/* Begin PBXSourcesBuildPhase section */
		58B372352295CC41003ACF27 /* Sources */ = {
			isa = PBXSourcesBuildPhase;
			buildActionMask = 2147483647;
			files = (
				58B3723F2295CC41003ACF27 /* ViewController.swift in Sources */,
				58B3723D2295CC41003ACF27 /* AppDelegate.swift in Sources */,
				58B3724F2295F132003ACF27 /* NavigationButton.swift in Sources */,
				58547DBC2296BECE008D5075 /* Helper.swift in Sources */,
			);
			runOnlyForDeploymentPostprocessing = 0;
		};
/* End PBXSourcesBuildPhase section */

/* Begin PBXVariantGroup section */
		58B372402295CC41003ACF27 /* Main.storyboard */ = {
			isa = PBXVariantGroup;
			children = (
				58B372412295CC41003ACF27 /* Base */,
			);
			name = Main.storyboard;
			sourceTree = "<group>";
		};
		58B372452295CC43003ACF27 /* LaunchScreen.storyboard */ = {
			isa = PBXVariantGroup;
			children = (
				58B372462295CC43003ACF27 /* Base */,
			);
			name = LaunchScreen.storyboard;
			sourceTree = "<group>";
		};
/* End PBXVariantGroup section */

/* Begin XCBuildConfiguration section */
		58B372492295CC43003ACF27 /* Debug */ = {
			isa = XCBuildConfiguration;
			buildSettings = {
				ALWAYS_SEARCH_USER_PATHS = NO;
				CLANG_ANALYZER_NONNULL = YES;
				CLANG_ANALYZER_NUMBER_OBJECT_CONVERSION = YES_AGGRESSIVE;
				CLANG_CXX_LANGUAGE_STANDARD = "gnu++14";
				CLANG_CXX_LIBRARY = "libc++";
				CLANG_ENABLE_MODULES = YES;
				CLANG_ENABLE_OBJC_ARC = YES;
				CLANG_ENABLE_OBJC_WEAK = YES;
				CLANG_WARN_BLOCK_CAPTURE_AUTORELEASING = YES;
				CLANG_WARN_BOOL_CONVERSION = YES;
				CLANG_WARN_COMMA = YES;
				CLANG_WARN_CONSTANT_CONVERSION = YES;
				CLANG_WARN_DEPRECATED_OBJC_IMPLEMENTATIONS = YES;
				CLANG_WARN_DIRECT_OBJC_ISA_USAGE = YES_ERROR;
				CLANG_WARN_DOCUMENTATION_COMMENTS = YES;
				CLANG_WARN_EMPTY_BODY = YES;
				CLANG_WARN_ENUM_CONVERSION = YES;
				CLANG_WARN_INFINITE_RECURSION = YES;
				CLANG_WARN_INT_CONVERSION = YES;
				CLANG_WARN_NON_LITERAL_NULL_CONVERSION = YES;
				CLANG_WARN_OBJC_IMPLICIT_RETAIN_SELF = YES;
				CLANG_WARN_OBJC_LITERAL_CONVERSION = YES;
				CLANG_WARN_OBJC_ROOT_CLASS = YES_ERROR;
				CLANG_WARN_RANGE_LOOP_ANALYSIS = YES;
				CLANG_WARN_STRICT_PROTOTYPES = YES;
				CLANG_WARN_SUSPICIOUS_MOVE = YES;
				CLANG_WARN_UNGUARDED_AVAILABILITY = YES_AGGRESSIVE;
				CLANG_WARN_UNREACHABLE_CODE = YES;
				CLANG_WARN__DUPLICATE_METHOD_MATCH = YES;
				CODE_SIGN_IDENTITY = "iPhone Developer";
				COPY_PHASE_STRIP = NO;
				DEBUG_INFORMATION_FORMAT = dwarf;
				ENABLE_STRICT_OBJC_MSGSEND = YES;
				ENABLE_TESTABILITY = YES;
				GCC_C_LANGUAGE_STANDARD = gnu11;
				GCC_DYNAMIC_NO_PIC = NO;
				GCC_NO_COMMON_BLOCKS = YES;
				GCC_OPTIMIZATION_LEVEL = 0;
				GCC_PREPROCESSOR_DEFINITIONS = (
					"DEBUG=1",
					"$(inherited)",
				);
				GCC_WARN_64_TO_32_BIT_CONVERSION = YES;
				GCC_WARN_ABOUT_RETURN_TYPE = YES_ERROR;
				GCC_WARN_UNDECLARED_SELECTOR = YES;
				GCC_WARN_UNINITIALIZED_AUTOS = YES_AGGRESSIVE;
				GCC_WARN_UNUSED_FUNCTION = YES;
				GCC_WARN_UNUSED_VARIABLE = YES;
				IPHONEOS_DEPLOYMENT_TARGET = 12.2;
				MTL_ENABLE_DEBUG_INFO = INCLUDE_SOURCE;
				MTL_FAST_MATH = YES;
				ONLY_ACTIVE_ARCH = YES;
				SDKROOT = iphoneos;
				SWIFT_ACTIVE_COMPILATION_CONDITIONS = DEBUG;
				SWIFT_OPTIMIZATION_LEVEL = "-Onone";
			};
			name = Debug;
		};
		58B3724A2295CC43003ACF27 /* Release */ = {
			isa = XCBuildConfiguration;
			buildSettings = {
				ALWAYS_SEARCH_USER_PATHS = NO;
				CLANG_ANALYZER_NONNULL = YES;
				CLANG_ANALYZER_NUMBER_OBJECT_CONVERSION = YES_AGGRESSIVE;
				CLANG_CXX_LANGUAGE_STANDARD = "gnu++14";
				CLANG_CXX_LIBRARY = "libc++";
				CLANG_ENABLE_MODULES = YES;
				CLANG_ENABLE_OBJC_ARC = YES;
				CLANG_ENABLE_OBJC_WEAK = YES;
				CLANG_WARN_BLOCK_CAPTURE_AUTORELEASING = YES;
				CLANG_WARN_BOOL_CONVERSION = YES;
				CLANG_WARN_COMMA = YES;
				CLANG_WARN_CONSTANT_CONVERSION = YES;
				CLANG_WARN_DEPRECATED_OBJC_IMPLEMENTATIONS = YES;
				CLANG_WARN_DIRECT_OBJC_ISA_USAGE = YES_ERROR;
				CLANG_WARN_DOCUMENTATION_COMMENTS = YES;
				CLANG_WARN_EMPTY_BODY = YES;
				CLANG_WARN_ENUM_CONVERSION = YES;
				CLANG_WARN_INFINITE_RECURSION = YES;
				CLANG_WARN_INT_CONVERSION = YES;
				CLANG_WARN_NON_LITERAL_NULL_CONVERSION = YES;
				CLANG_WARN_OBJC_IMPLICIT_RETAIN_SELF = YES;
				CLANG_WARN_OBJC_LITERAL_CONVERSION = YES;
				CLANG_WARN_OBJC_ROOT_CLASS = YES_ERROR;
				CLANG_WARN_RANGE_LOOP_ANALYSIS = YES;
				CLANG_WARN_STRICT_PROTOTYPES = YES;
				CLANG_WARN_SUSPICIOUS_MOVE = YES;
				CLANG_WARN_UNGUARDED_AVAILABILITY = YES_AGGRESSIVE;
				CLANG_WARN_UNREACHABLE_CODE = YES;
				CLANG_WARN__DUPLICATE_METHOD_MATCH = YES;
				CODE_SIGN_IDENTITY = "iPhone Developer";
				COPY_PHASE_STRIP = NO;
				DEBUG_INFORMATION_FORMAT = "dwarf-with-dsym";
				ENABLE_NS_ASSERTIONS = NO;
				ENABLE_STRICT_OBJC_MSGSEND = YES;
				GCC_C_LANGUAGE_STANDARD = gnu11;
				GCC_NO_COMMON_BLOCKS = YES;
				GCC_WARN_64_TO_32_BIT_CONVERSION = YES;
				GCC_WARN_ABOUT_RETURN_TYPE = YES_ERROR;
				GCC_WARN_UNDECLARED_SELECTOR = YES;
				GCC_WARN_UNINITIALIZED_AUTOS = YES_AGGRESSIVE;
				GCC_WARN_UNUSED_FUNCTION = YES;
				GCC_WARN_UNUSED_VARIABLE = YES;
				IPHONEOS_DEPLOYMENT_TARGET = 12.2;
				MTL_ENABLE_DEBUG_INFO = NO;
				MTL_FAST_MATH = YES;
				SDKROOT = iphoneos;
				SWIFT_COMPILATION_MODE = wholemodule;
				SWIFT_OPTIMIZATION_LEVEL = "-O";
				VALIDATE_PRODUCT = YES;
			};
			name = Release;
		};
		58B3724C2295CC43003ACF27 /* Debug */ = {
			isa = XCBuildConfiguration;
			buildSettings = {
				ASSETCATALOG_COMPILER_APPICON_NAME = AppIcon;
				CODE_SIGN_STYLE = Automatic;
				DEVELOPMENT_TEAM = 4W5UZS2FYQ;
				INFOPLIST_FILE = "Lab - Animation/Info.plist";
				LD_RUNPATH_SEARCH_PATHS = (
					"$(inherited)",
					"@executable_path/Frameworks",
				);
				PRODUCT_BUNDLE_IDENTIFIER = "com.arkadiyGrigoryanc.Lab---Animation";
				PRODUCT_NAME = "$(TARGET_NAME)";
				SWIFT_VERSION = 5.0;
				TARGETED_DEVICE_FAMILY = 1;
			};
			name = Debug;
		};
		58B3724D2295CC43003ACF27 /* Release */ = {
			isa = XCBuildConfiguration;
			buildSettings = {
				ASSETCATALOG_COMPILER_APPICON_NAME = AppIcon;
				CODE_SIGN_STYLE = Automatic;
				DEVELOPMENT_TEAM = 4W5UZS2FYQ;
				INFOPLIST_FILE = "Lab - Animation/Info.plist";
				LD_RUNPATH_SEARCH_PATHS = (
					"$(inherited)",
					"@executable_path/Frameworks",
				);
				PRODUCT_BUNDLE_IDENTIFIER = "com.arkadiyGrigoryanc.Lab---Animation";
				PRODUCT_NAME = "$(TARGET_NAME)";
				SWIFT_VERSION = 5.0;
				TARGETED_DEVICE_FAMILY = 1;
			};
			name = Release;
		};
/* End XCBuildConfiguration section */

/* Begin XCConfigurationList section */
		58B372342295CC41003ACF27 /* Build configuration list for PBXProject "Lab - Animation" */ = {
			isa = XCConfigurationList;
			buildConfigurations = (
				58B372492295CC43003ACF27 /* Debug */,
				58B3724A2295CC43003ACF27 /* Release */,
			);
			defaultConfigurationIsVisible = 0;
			defaultConfigurationName = Release;
		};
		58B3724B2295CC43003ACF27 /* Build configuration list for PBXNativeTarget "Lab - Animation" */ = {
			isa = XCConfigurationList;
			buildConfigurations = (
				58B3724C2295CC43003ACF27 /* Debug */,
				58B3724D2295CC43003ACF27 /* Release */,
			);
			defaultConfigurationIsVisible = 0;
			defaultConfigurationName = Release;
		};
/* End XCConfigurationList section */
	};
	rootObject = 58B372312295CC41003ACF27 /* Project object */;
}
